
Microsoft Visual Studio Solution File, Format Version 12.00
Project("{FAE04EC0-301F-11D3-BF4B-00C04F79EFBC}") = "Assignment1", "Assignment1\Assignment1.csproj", "{0334BFE2-6CA1-4A59-896E-2A391CEF0272}"
EndProject
Global
	GlobalSection(SolutionConfigurationPlatforms) = preSolution
		Debug|Any CPU = Debug|Any CPU
		Release|Any CPU = Release|Any CPU
	EndGlobalSection
	GlobalSection(ProjectConfigurationPlatforms) = postSolution
		{0334BFE2-6CA1-4A59-896E-2A391CEF0272}.Debug|Any CPU.ActiveCfg = Debug|Any CPU
		{0334BFE2-6CA1-4A59-896E-2A391CEF0272}.Debug|Any CPU.Build.0 = Debug|Any CPU
		{0334BFE2-6CA1-4A59-896E-2A391CEF0272}.Release|Any CPU.ActiveCfg = Release|Any CPU
		{0334BFE2-6CA1-4A59-896E-2A391CEF0272}.Release|Any CPU.Build.0 = Release|Any CPU
	EndGlobalSection
EndGlobal
